
Microsoft Visual Studio Solution File, Format Version 12.00
# Visual Studio 2012
Project("{FAE04EC0-301F-11D3-BF4B-00C04F79EFBC}") = "StatisticsRomania", "StatisticsRomania\StatisticsRomania\StatisticsRomania.csproj", "{9D3B5481-D606-4B9B-B31B-103DA4372B29}"
EndProject
Project("{FAE04EC0-301F-11D3-BF4B-00C04F79EFBC}") = "StatisticsRomania.iOS", "StatisticsRomania\StatisticsRomania.iOS\StatisticsRomania.iOS.csproj", "{E21CFCA8-EC23-4AA5-A3EA-E19C12A8DFC4}"
EndProject
Project("{FAE04EC0-301F-11D3-BF4B-00C04F79EFBC}") = "StatisticsRomania.Droid", "StatisticsRomania\StatisticsRomania.Droid\StatisticsRomania.Droid.csproj", "{491B8346-E33F-4E86-BA53-97DF1095D582}"
EndProject
Global
	GlobalSection(SolutionConfigurationPlatforms) = preSolution
		Ad-Hoc|Any CPU = Ad-Hoc|Any CPU
		Ad-Hoc|iPhone = Ad-Hoc|iPhone
		Ad-Hoc|iPhoneSimulator = Ad-Hoc|iPhoneSimulator
		Ad-Hoc|Mixed Platforms = Ad-Hoc|Mixed Platforms
		AppStore|Any CPU = AppStore|Any CPU
		AppStore|iPhone = AppStore|iPhone
		AppStore|iPhoneSimulator = AppStore|iPhoneSimulator
		AppStore|Mixed Platforms = AppStore|Mixed Platforms
		Debug|Any CPU = Debug|Any CPU
		Debug|iPhone = Debug|iPhone
		Debug|iPhoneSimulator = Debug|iPhoneSimulator
		Debug|Mixed Platforms = Debug|Mixed Platforms
		Release|Any CPU = Release|Any CPU
		Release|iPhone = Release|iPhone
		Release|iPhoneSimulator = Release|iPhoneSimulator
		Release|Mixed Platforms = Release|Mixed Platforms
	EndGlobalSection
	GlobalSection(ProjectConfigurationPlatforms) = postSolution
		{9D3B5481-D606-4B9B-B31B-103DA4372B29}.Ad-Hoc|Any CPU.ActiveCfg = Release|Any CPU
		{9D3B5481-D606-4B9B-B31B-103DA4372B29}.Ad-Hoc|Any CPU.Build.0 = Release|Any CPU
		{9D3B5481-D606-4B9B-B31B-103DA4372B29}.Ad-Hoc|iPhone.ActiveCfg = Release|Any CPU
		{9D3B5481-D606-4B9B-B31B-103DA4372B29}.Ad-Hoc|iPhoneSimulator.ActiveCfg = Release|Any CPU
		{9D3B5481-D606-4B9B-B31B-103DA4372B29}.Ad-Hoc|Mixed Platforms.ActiveCfg = Release|Any CPU
		{9D3B5481-D606-4B9B-B31B-103DA4372B29}.Ad-Hoc|Mixed Platforms.Build.0 = Release|Any CPU
		{9D3B5481-D606-4B9B-B31B-103DA4372B29}.AppStore|Any CPU.ActiveCfg = Release|Any CPU
		{9D3B5481-D606-4B9B-B31B-103DA4372B29}.AppStore|Any CPU.Build.0 = Release|Any CPU
		{9D3B5481-D606-4B9B-B31B-103DA4372B29}.AppStore|iPhone.ActiveCfg = Release|Any CPU
		{9D3B5481-D606-4B9B-B31B-103DA4372B29}.AppStore|iPhoneSimulator.ActiveCfg = Release|Any CPU
		{9D3B5481-D606-4B9B-B31B-103DA4372B29}.AppStore|Mixed Platforms.ActiveCfg = Release|Any CPU
		{9D3B5481-D606-4B9B-B31B-103DA4372B29}.AppStore|Mixed Platforms.Build.0 = Release|Any CPU
		{9D3B5481-D606-4B9B-B31B-103DA4372B29}.Debug|Any CPU.ActiveCfg = Debug|Any CPU
		{9D3B5481-D606-4B9B-B31B-103DA4372B29}.Debug|Any CPU.Build.0 = Debug|Any CPU
		{9D3B5481-D606-4B9B-B31B-103DA4372B29}.Debug|iPhone.ActiveCfg = Debug|Any CPU
		{9D3B5481-D606-4B9B-B31B-103DA4372B29}.Debug|iPhoneSimulator.ActiveCfg = Debug|Any CPU
		{9D3B5481-D606-4B9B-B31B-103DA4372B29}.Debug|Mixed Platforms.ActiveCfg = Debug|Any CPU
		{9D3B5481-D606-4B9B-B31B-103DA4372B29}.Debug|Mixed Platforms.Build.0 = Debug|Any CPU
		{9D3B5481-D606-4B9B-B31B-103DA4372B29}.Release|Any CPU.ActiveCfg = Release|Any CPU
		{9D3B5481-D606-4B9B-B31B-103DA4372B29}.Release|Any CPU.Build.0 = Release|Any CPU
		{9D3B5481-D606-4B9B-B31B-103DA4372B29}.Release|iPhone.ActiveCfg = Release|Any CPU
		{9D3B5481-D606-4B9B-B31B-103DA4372B29}.Release|iPhoneSimulator.ActiveCfg = Release|Any CPU
		{9D3B5481-D606-4B9B-B31B-103DA4372B29}.Release|Mixed Platforms.ActiveCfg = Release|Any CPU
		{9D3B5481-D606-4B9B-B31B-103DA4372B29}.Release|Mixed Platforms.Build.0 = Release|Any CPU
		{E21CFCA8-EC23-4AA5-A3EA-E19C12A8DFC4}.Ad-Hoc|Any CPU.ActiveCfg = Ad-Hoc|iPhone
		{E21CFCA8-EC23-4AA5-A3EA-E19C12A8DFC4}.Ad-Hoc|iPhone.ActiveCfg = Ad-Hoc|iPhone
		{E21CFCA8-EC23-4AA5-A3EA-E19C12A8DFC4}.Ad-Hoc|iPhone.Build.0 = Ad-Hoc|iPhone
		{E21CFCA8-EC23-4AA5-A3EA-E19C12A8DFC4}.Ad-Hoc|iPhoneSimulator.ActiveCfg = Ad-Hoc|iPhoneSimulator
		{E21CFCA8-EC23-4AA5-A3EA-E19C12A8DFC4}.Ad-Hoc|iPhoneSimulator.Build.0 = Ad-Hoc|iPhoneSimulator
		{E21CFCA8-EC23-4AA5-A3EA-E19C12A8DFC4}.Ad-Hoc|Mixed Platforms.ActiveCfg = Ad-Hoc|iPhone
		{E21CFCA8-EC23-4AA5-A3EA-E19C12A8DFC4}.Ad-Hoc|Mixed Platforms.Build.0 = Ad-Hoc|iPhone
		{E21CFCA8-EC23-4AA5-A3EA-E19C12A8DFC4}.AppStore|Any CPU.ActiveCfg = AppStore|iPhone
		{E21CFCA8-EC23-4AA5-A3EA-E19C12A8DFC4}.AppStore|iPhone.ActiveCfg = AppStore|iPhone
		{E21CFCA8-EC23-4AA5-A3EA-E19C12A8DFC4}.AppStore|iPhone.Build.0 = AppStore|iPhone
		{E21CFCA8-EC23-4AA5-A3EA-E19C12A8DFC4}.AppStore|iPhoneSimulator.ActiveCfg = AppStore|iPhoneSimulator
		{E21CFCA8-EC23-4AA5-A3EA-E19C12A8DFC4}.AppStore|iPhoneSimulator.Build.0 = AppStore|iPhoneSimulator
		{E21CFCA8-EC23-4AA5-A3EA-E19C12A8DFC4}.AppStore|Mixed Platforms.ActiveCfg = AppStore|iPhone
		{E21CFCA8-EC23-4AA5-A3EA-E19C12A8DFC4}.AppStore|Mixed Platforms.Build.0 = AppStore|iPhone
		{E21CFCA8-EC23-4AA5-A3EA-E19C12A8DFC4}.Debug|Any CPU.ActiveCfg = Debug|iPhone
		{E21CFCA8-EC23-4AA5-A3EA-E19C12A8DFC4}.Debug|iPhone.ActiveCfg = Debug|iPhone
		{E21CFCA8-EC23-4AA5-A3EA-E19C12A8DFC4}.Debug|iPhone.Build.0 = Debug|iPhone
		{E21CFCA8-EC23-4AA5-A3EA-E19C12A8DFC4}.Debug|iPhoneSimulator.ActiveCfg = Debug|iPhoneSimulator
		{E21CFCA8-EC23-4AA5-A3EA-E19C12A8DFC4}.Debug|iPhoneSimulator.Build.0 = Debug|iPhoneSimulator
		{E21CFCA8-EC23-4AA5-A3EA-E19C12A8DFC4}.Debug|Mixed Platforms.ActiveCfg = Debug|iPhone
		{E21CFCA8-EC23-4AA5-A3EA-E19C12A8DFC4}.Debug|Mixed Platforms.Build.0 = Debug|iPhone
		{E21CFCA8-EC23-4AA5-A3EA-E19C12A8DFC4}.Release|Any CPU.ActiveCfg = Release|iPhone
		{E21CFCA8-EC23-4AA5-A3EA-E19C12A8DFC4}.Release|iPhone.ActiveCfg = Release|iPhone
		{E21CFCA8-EC23-4AA5-A3EA-E19C12A8DFC4}.Release|iPhone.Build.0 = Release|iPhone
		{E21CFCA8-EC23-4AA5-A3EA-E19C12A8DFC4}.Release|iPhoneSimulator.ActiveCfg = Release|iPhoneSimulator
		{E21CFCA8-EC23-4AA5-A3EA-E19C12A8DFC4}.Release|iPhoneSimulator.Build.0 = Release|iPhoneSimulator
		{E21CFCA8-EC23-4AA5-A3EA-E19C12A8DFC4}.Release|Mixed Platforms.ActiveCfg = Release|iPhone
		{E21CFCA8-EC23-4AA5-A3EA-E19C12A8DFC4}.Release|Mixed Platforms.Build.0 = Release|iPhone
		{491B8346-E33F-4E86-BA53-97DF1095D582}.Ad-Hoc|Any CPU.ActiveCfg = Release|Any CPU
		{491B8346-E33F-4E86-BA53-97DF1095D582}.Ad-Hoc|Any CPU.Build.0 = Release|Any CPU
		{491B8346-E33F-4E86-BA53-97DF1095D582}.Ad-Hoc|Any CPU.Deploy.0 = Release|Any CPU
		{491B8346-E33F-4E86-BA53-97DF1095D582}.Ad-Hoc|iPhone.ActiveCfg = Release|Any CPU
		{491B8346-E33F-4E86-BA53-97DF1095D582}.Ad-Hoc|iPhoneSimulator.ActiveCfg = Release|Any CPU
		{491B8346-E33F-4E86-BA53-97DF1095D582}.Ad-Hoc|Mixed Platforms.ActiveCfg = Release|Any CPU
		{491B8346-E33F-4E86-BA53-97DF1095D582}.Ad-Hoc|Mixed Platforms.Build.0 = Release|Any CPU
		{491B8346-E33F-4E86-BA53-97DF1095D582}.Ad-Hoc|Mixed Platforms.Deploy.0 = Release|Any CPU
		{491B8346-E33F-4E86-BA53-97DF1095D582}.AppStore|Any CPU.ActiveCfg = Release|Any CPU
		{491B8346-E33F-4E86-BA53-97DF1095D582}.AppStore|Any CPU.Build.0 = Release|Any CPU
		{491B8346-E33F-4E86-BA53-97DF1095D582}.AppStore|Any CPU.Deploy.0 = Release|Any CPU
		{491B8346-E33F-4E86-BA53-97DF1095D582}.AppStore|iPhone.ActiveCfg = Release|Any CPU
		{491B8346-E33F-4E86-BA53-97DF1095D582}.AppStore|iPhoneSimulator.ActiveCfg = Release|Any CPU
		{491B8346-E33F-4E86-BA53-97DF1095D582}.AppStore|Mixed Platforms.ActiveCfg = Release|Any CPU
		{491B8346-E33F-4E86-BA53-97DF1095D582}.AppStore|Mixed Platforms.Build.0 = Release|Any CPU
		{491B8346-E33F-4E86-BA53-97DF1095D582}.AppStore|Mixed Platforms.Deploy.0 = Release|Any CPU
		{491B8346-E33F-4E86-BA53-97DF1095D582}.Debug|Any CPU.ActiveCfg = Debug|Any CPU
		{491B8346-E33F-4E86-BA53-97DF1095D582}.Debug|Any CPU.Build.0 = Debug|Any CPU
		{491B8346-E33F-4E86-BA53-97DF1095D582}.Debug|Any CPU.Deploy.0 = Debug|Any CPU
		{491B8346-E33F-4E86-BA53-97DF1095D582}.Debug|iPhone.ActiveCfg = Debug|Any CPU
		{491B8346-E33F-4E86-BA53-97DF1095D582}.Debug|iPhoneSimulator.ActiveCfg = Debug|Any CPU
		{491B8346-E33F-4E86-BA53-97DF1095D582}.Debug|Mixed Platforms.ActiveCfg = Debug|Any CPU
		{491B8346-E33F-4E86-BA53-97DF1095D582}.Debug|Mixed Platforms.Build.0 = Debug|Any CPU
		{491B8346-E33F-4E86-BA53-97DF1095D582}.Debug|Mixed Platforms.Deploy.0 = Debug|Any CPU
		{491B8346-E33F-4E86-BA53-97DF1095D582}.Release|Any CPU.ActiveCfg = Release|Any CPU
		{491B8346-E33F-4E86-BA53-97DF1095D582}.Release|Any CPU.Build.0 = Release|Any CPU
		{491B8346-E33F-4E86-BA53-97DF1095D582}.Release|Any CPU.Deploy.0 = Release|Any CPU
		{491B8346-E33F-4E86-BA53-97DF1095D582}.Release|iPhone.ActiveCfg = Release|Any CPU
		{491B8346-E33F-4E86-BA53-97DF1095D582}.Release|iPhoneSimulator.ActiveCfg = Release|Any CPU
		{491B8346-E33F-4E86-BA53-97DF1095D582}.Release|Mixed Platforms.ActiveCfg = Release|Any CPU
		{491B8346-E33F-4E86-BA53-97DF1095D582}.Release|Mixed Platforms.Build.0 = Release|Any CPU
		{491B8346-E33F-4E86-BA53-97DF1095D582}.Release|Mixed Platforms.Deploy.0 = Release|Any CPU
	EndGlobalSection
	GlobalSection(SolutionProperties) = preSolution
		HideSolutionNode = FALSE
	EndGlobalSection
EndGlobal
